<?xml version="1.0" encoding="utf-8"?>
<Project ToolsVersion="4.0" xmlns="http://schemas.microsoft.com/developer/msbuild/2003">
  <ItemGroup>
    <Filter Include="Source Files">
      <UniqueIdentifier>{9f3cfd51-b28b-4ce3-a526-a916b4bdf8e6}</UniqueIdentifier>
    </Filter>
    <Filter Include="Header Files">
      <UniqueIdentifier>{c954a095-792e-4d2a-b27d-cf6a719399f5}</UniqueIdentifier>
    </Filter>
  </ItemGroup>
  <ItemGroup>
    <ClCompile Include="src\Commands.cpp"> 
      <Filter>Source Files</Filter>
    </ClCompile>
    <ClCompile Include="src\DatabaseRequests.cpp"> 
      <Filter>Source Files</Filter>
    </ClCompile>
    <ClCompile Include="src\Error.cpp"> 
      <Filter>Source Files</Filter>
    </ClCompile>
    <ClCompile Include="src\Flags.cpp"> 
      <Filter>Source Files</Filter>
    </ClCompile>
    <ClCompile Include="src\Input.cpp"> 
      <Filter>Source Files</Filter>
    </ClCompile>
    <ClCompile Include="src\NetworkUtils.cpp"> 
      <Filter>Source Files</Filter>
    </ClCompile>
    <ClCompile Include="src\Networking.cpp"> 
      <Filter>Source Files</Filter>
    </ClCompile>
    <ClCompile Include="src\Parser2.cpp"> 
      <Filter>Source Files</Filter>
    </ClCompile>
    <ClCompile Include="src\Print.cpp"> 
      <Filter>Source Files</Filter>
    </ClCompile>
    <ClCompile Include="src\Utils.cpp"> 
      <Filter>Source Files</Filter>
    </ClCompile>
    <ClCompile Include="src\loguru\loguru.cpp"> 
      <Filter>Source Files</Filter>
    </ClCompile>
    <ClCompile Include="src\regex_wrapper.cpp"> 
      <Filter>Source Files</Filter>
    </ClCompile>
  </ItemGroup>
  <ItemGroup>
    <ClInclude Include="src\Commands.h">
      <Filter>Header Files</Filter>
    </ClInclude>
    <ClInclude Include="src\DatabaseRequests.h">
      <Filter>Header Files</Filter>
    </ClInclude>
    <ClInclude Include="src\FlagParser.h">
      <Filter>Header Files</Filter>
    </ClInclude>
    <ClInclude Include="src\Flags.h">
      <Filter>Header Files</Filter>
    </ClInclude>
    <ClInclude Include="src\Input.h">
      <Filter>Header Files</Filter>
    </ClInclude>
    <ClInclude Include="src\loguru\loguru.hpp"> 
      <Filter>Header Files</Filter>
    </ClInclude>
    <ClInclude Include="src\NetworkUtils.h">
      <Filter>Header Files</Filter>
    </ClInclude>
    <ClInclude Include="src\Networking.h">
      <Filter>Header Files</Filter>
    </ClInclude>
    <ClInclude Include="src\Parser2.h">
      <Filter>Header Files</Filter>
    </ClInclude>
    <ClInclude Include="src\Print.h">
      <Filter>Header Files</Filter>
    </ClInclude>
    <ClInclude Include="src\ProjectMetaData.h">
      <Filter>Header Files</Filter>
    </ClInclude>
    <ClInclude Include="src\regex_wrapper.h"> 
      <Filter>Header Files</Filter>
    </ClInclude>
    <ClInclude Include="src\Utils.h">
      <Filter>Header Files</Filter>
    </ClInclude>
  </ItemGroup>
  <ItemGroup>
    <None Include="packages.config" />
  </ItemGroup>
</Project>