<?xml version="1.0" encoding="utf-8"?>
<Project ToolsVersion="4.0" xmlns="http://schemas.microsoft.com/developer/msbuild/2003">
  <ItemGroup>
    <ClCompile Include="src\Commands.cpp" />
    <ClCompile Include="src\DatabaseRequests.cpp" />
    <ClCompile Include="src\Error.cpp" />
    <ClCompile Include="src\Flags.cpp" />
    <ClCompile Include="src\Input.cpp" />
    <ClCompile Include="src\NetworkUtils.cpp" />
    <ClCompile Include="src\Networking.cpp" />
    <ClCompile Include="src\Parser2.cpp" />
    <ClCompile Include="src\Print.cpp" />
    <ClCompile Include="src\Utils.cpp" />
    <ClCompile Include="src\loguru\loguru.cpp" />
    <ClCompile Include="src\loguru\loguru.hpp" />
  </ItemGroup>
  <ItemGroup>
    <ClInclude Include="src\Commands.h" />
    <ClInclude Include="src\DatabaseRequests.h" />
    <ClInclude Include="src\FlagParser.h" />
    <ClInclude Include="src\Flags.h" />
    <ClInclude Include="src\Input.h" />
    <ClInclude Include="src\NetworkUtils.h" />
    <ClInclude Include="src\Networking.h" />
    <ClInclude Include="src\Parser2.h" />
    <ClInclude Include="src\Print.h" />
    <ClInclude Include="src\ProjectMetaData.h" />
    <ClInclude Include="src\Utils.h" />
  </ItemGroup>
</Project>