<?xml version="1.0" encoding="utf-8"?>
<Project ToolsVersion="4.0" xmlns="http://schemas.microsoft.com/developer/msbuild/2003">
  <ItemGroup>
    <Filter Include="Source Files">
      <UniqueIdentifier>{9f3cfd51-b28b-4ce3-a526-a916b4bdf8e6}</UniqueIdentifier>
    </Filter>
    <Filter Include="Header Files">
      <UniqueIdentifier>{c954a095-792e-4d2a-b27d-cf6a719399f5}</UniqueIdentifier>
    </Filter>
  </ItemGroup>
  <ItemGroup>
    <ClCompile Include="src\commandFactory.cpp">
      <Filter>Source Files</Filter>
    </ClCompile>
    <ClCompile Include="src\commands.cpp">
      <Filter>Source Files</Filter>
    </ClCompile>
    <ClCompile Include="src\databaseRequests.cpp">
      <Filter>Source Files</Filter>
    </ClCompile>
    <ClCompile Include="src\entrypoint.cpp">
      <Filter>Source Files</Filter>
    </ClCompile>
    <ClCompile Include="src\error.cpp">
      <Filter>Source Files</Filter>
    </ClCompile>
    <ClCompile Include="src\flags.cpp">
      <Filter>Source Files</Filter>
    </ClCompile>
    <ClCompile Include="src\input.cpp">
      <Filter>Source Files</Filter>
    </ClCompile>
    <ClCompile Include="src\moduleFacades.cpp">
      <Filter>Source Files</Filter>
    </ClCompile>
    <ClCompile Include="src\networking.cpp">
      <Filter>Source Files</Filter>
    </ClCompile>
    <ClCompile Include="src\networkUtils.cpp">
      <Filter>Source Files</Filter>
    </ClCompile>
    <ClCompile Include="src\print.cpp">
      <Filter>Source Files</Filter>
    </ClCompile>
    <ClCompile Include="src\regexWrapper.cpp">
      <Filter>Source Files</Filter>
    </ClCompile>
    <ClCompile Include="src\termination.cpp">
      <Filter>Source Files</Filter>
    </ClCompile>
    <ClCompile Include="src\utils.cpp">
      <Filter>Source Files</Filter>
    </ClCompile>
    <ClCompile Include="src\loguru\loguru.cpp">
      <Filter>Source Files</Filter>
    </ClCompile>
    <ClCompile Include="src\regexWrapper.h" />
    <ClCompile Include="src\loguru\loguru.hpp" />
  </ItemGroup>
  <ItemGroup>
    <ClInclude Include="src\commandFactory.h">
      <Filter>Header Files</Filter>
    </ClInclude>
    <ClInclude Include="src\commands.h">
      <Filter>Header Files</Filter>
    </ClInclude>
    <ClInclude Include="src\databaseRequests.h">
      <Filter>Header Files</Filter>
    </ClInclude>
    <ClInclude Include="src\entrypoint.h">
      <Filter>Header Files</Filter>
    </ClInclude>
    <ClInclude Include="src\flags.h">
      <Filter>Header Files</Filter>
    </ClInclude>
    <ClInclude Include="src\input.h">
      <Filter>Header Files</Filter>
    </ClInclude>
    <ClInclude Include="src\moduleFacades.h">
      <Filter>Header Files</Filter>
    </ClInclude>
    <ClInclude Include="src\networking.h">
      <Filter>Header Files</Filter>
    </ClInclude>
    <ClInclude Include="src\networkUtils.h">
      <Filter>Header Files</Filter>
    </ClInclude>
    <ClInclude Include="src\print.h">
      <Filter>Header Files</Filter>
    </ClInclude>
    <ClInclude Include="src\projectMetadata.h">
      <Filter>Header Files</Filter>
    </ClInclude>
    <ClInclude Include="src\termination.h">
      <Filter>Header Files</Filter>
    </ClInclude>
    <ClInclude Include="src\utils.h">
      <Filter>Header Files</Filter>
    </ClInclude>
    <ClInclude Include="src\dto.h">
      <Filter>Header Files</Filter>
    </ClInclude>
  </ItemGroup>
  <ItemGroup>
    <None Include="packages.config" />
  </ItemGroup>
</Project>