<?xml version="1.0" encoding="utf-8"?>
<Project ToolsVersion="4.0" xmlns="http://schemas.microsoft.com/developer/msbuild/2003">
  <ItemGroup>
    <ClCompile Include="..\tests\pch.cpp" />
    <ClCompile Include="..\tests\integrationTestsCrawler.cpp">
      <Filter>tests</Filter>
    </ClCompile>
    <ClCompile Include="..\tests\integrationTestsDatabaseAPI.cpp">
      <Filter>tests</Filter>
    </ClCompile>
    <ClCompile Include="..\tests\integrationTestsParser.cpp">
      <Filter>tests</Filter>
    </ClCompile>
    <ClCompile Include="..\tests\integrationTestsSpider.cpp">
      <Filter>tests</Filter>
    </ClCompile>
    <ClCompile Include="..\tests\networkUtilsTests.cpp">
      <Filter>tests</Filter>
    </ClCompile>
    <ClCompile Include="..\tests\printTests.cpp">
      <Filter>tests</Filter>
    </ClCompile>
    <ClCompile Include="..\tests\regexTests.cpp">
      <Filter>tests</Filter>
    </ClCompile>
    <ClCompile Include="..\tests\systemTestsCheck.cpp">
      <Filter>tests</Filter>
    </ClCompile>
    <ClCompile Include="..\tests\systemTestsCheckUpload.cpp">
      <Filter>tests</Filter>
    </ClCompile>
    <ClCompile Include="..\tests\systemTestsHelp.cpp">
      <Filter>tests</Filter>
    </ClCompile>
    <ClCompile Include="..\tests\systemTestsStart.cpp">
      <Filter>tests</Filter>
    </ClCompile>
    <ClCompile Include="..\tests\systemTestsUpload.cpp">
      <Filter>tests</Filter>
    </ClCompile>
    <ClCompile Include="..\tests\systemTestsUtils.cpp">
      <Filter>tests</Filter>
    </ClCompile>
    <ClCompile Include="..\tests\systemTestsVersion.cpp">
      <Filter>tests</Filter>
    </ClCompile>
    <ClCompile Include="..\tests\utilsTests.cpp">
      <Filter>tests</Filter>
    </ClCompile>
    <ClCompile Include="..\tests\databaseAPIMock.cpp">
      <Filter>mocks</Filter>
    </ClCompile>
  </ItemGroup>
  <ItemGroup>
    <ClInclude Include="..\tests\pch.h" />
    <ClInclude Include="..\tests\databaseAPIMock.h">
      <Filter>mocks</Filter>
    </ClInclude>
    <ClInclude Include="..\tests\systemTestsUtils.h">
      <Filter>tests</Filter>
    </ClInclude>
  </ItemGroup>
  <ItemGroup>
    <None Include="extensions" />
    <None Include="packages.config" />
  </ItemGroup>
  <ItemGroup>
    <Filter Include="tests">
      <UniqueIdentifier>{bfc2b32c-d878-4de5-b62e-c3b2694b9007}</UniqueIdentifier>
    </Filter>
    <Filter Include="mocks">
      <UniqueIdentifier>{48d03836-9e7e-4748-a016-866728de38bf}</UniqueIdentifier>
    </Filter>
  </ItemGroup>
</Project>