<?xml version="1.0" encoding="utf-8"?>
<Project ToolsVersion="4.0" xmlns="http://schemas.microsoft.com/developer/msbuild/2003">
  <ItemGroup>
    <Filter Include="Helpers">
      <UniqueIdentifier>{abd01017-e4d9-429b-91a8-2384bbbae6a0}</UniqueIdentifier>
    </Filter>
    <Filter Include="Unit Tests">
      <UniqueIdentifier>{6d6c5fdb-8f81-498b-9037-fbce3c323610}</UniqueIdentifier>
    </Filter>
    <Filter Include="System Tests">
      <UniqueIdentifier>{3697fc98-1643-491b-8e22-c9df0270ac74}</UniqueIdentifier>
    </Filter>
    <Filter Include="Integration Tests">
      <UniqueIdentifier>{711914fa-fba2-4f90-855b-fe0e4ef19224}</UniqueIdentifier>
    </Filter>
  </ItemGroup>
  <ItemGroup>
    <ClCompile Include="networkUtilsTests.cpp">
      <Filter>Unit Tests</Filter>
    </ClCompile>
    <ClCompile Include="printTests.cpp">
      <Filter>Unit Tests</Filter>
    </ClCompile>
    <ClCompile Include="regexTests.cpp">
      <Filter>Unit Tests</Filter>
    </ClCompile>
    <ClCompile Include="utilsTests.cpp">
      <Filter>Unit Tests</Filter>
    </ClCompile>
    <ClCompile Include="pch.cpp" />
    <ClCompile Include="systemTestsCheck.cpp">
      <Filter>System Tests</Filter>
    </ClCompile>
    <ClCompile Include="systemTestsCheckUpload.cpp">
      <Filter>System Tests</Filter>
    </ClCompile>
    <ClCompile Include="systemTestsHelp.cpp">
      <Filter>System Tests</Filter>
    </ClCompile>
    <ClCompile Include="systemTestsStart.cpp">
      <Filter>System Tests</Filter>
    </ClCompile>
    <ClCompile Include="systemTestsUpload.cpp">
      <Filter>System Tests</Filter>
    </ClCompile>
    <ClCompile Include="systemTestsVersion.cpp">
      <Filter>System Tests</Filter>
    </ClCompile>
    <ClCompile Include="systemTestUpdate.cpp">
      <Filter>System Tests</Filter>
    </ClCompile>
    <ClCompile Include="integrationTestsCrawler.cpp">
      <Filter>Integration Tests</Filter>
    </ClCompile>
    <ClCompile Include="integrationTestsDatabaseAPI.cpp">
      <Filter>Integration Tests</Filter>
    </ClCompile>
    <ClCompile Include="integrationTestsParser.cpp">
      <Filter>Integration Tests</Filter>
    </ClCompile>
    <ClCompile Include="integrationTestsSpider.cpp">
      <Filter>Integration Tests</Filter>
    </ClCompile>
    <ClCompile Include="databaseAPIMock.cpp">
      <Filter>Helpers</Filter>
    </ClCompile>
    <ClCompile Include="systemTestsUtils.cpp">
      <Filter>Helpers</Filter>
    </ClCompile>
  </ItemGroup>
  <ItemGroup>
    <ClInclude Include="pch.h" />
    <ClInclude Include="databaseAPIMock.h">
      <Filter>Helpers</Filter>
    </ClInclude>
    <ClInclude Include="systemTestsUtils.h">
      <Filter>Helpers</Filter>
    </ClInclude>
  </ItemGroup>
  <ItemGroup>
    <None Include="packages.config" />
    <None Include="extensions" />
  </ItemGroup>
</Project>