<?xml version="1.0" encoding="utf-8"?>
<Project ToolsVersion="4.0" xmlns="http://schemas.microsoft.com/developer/msbuild/2003">
  <ItemGroup>
    <Filter Include="Tests">
      <UniqueIdentifier>{6d6c5fdb-8f81-498b-9037-fbce3c323610}</UniqueIdentifier>
    </Filter>
    <Filter Include="Header Files">
      <UniqueIdentifier>{6a38f891-c38d-42c1-952c-5a2770f6ab1c}</UniqueIdentifier>
    </Filter>
  </ItemGroup>
  <ItemGroup>
    <ClCompile Include="commands_tests.cpp">
      <Filter>Tests</Filter>
    </ClCompile>
    <ClCompile Include="database_api_mock.cpp">
      <Filter>Tests</Filter>
    </ClCompile>
    <ClCompile Include="integration_tests_crawler.cpp">
      <Filter>Tests</Filter>
    </ClCompile>
    <ClCompile Include="integration_tests_database_api.cpp">
      <Filter>Tests</Filter>
    </ClCompile>
    <ClCompile Include="integration_tests_parser.cpp">
      <Filter>Tests</Filter>
    </ClCompile>
    <ClCompile Include="integration_tests_spider.cpp">
      <Filter>Tests</Filter>
    </ClCompile>
    <ClCompile Include="network_utils_tests.cpp">
      <Filter>Tests</Filter>
    </ClCompile>
    <ClCompile Include="print_tests.cpp">
      <Filter>Tests</Filter>
    </ClCompile>
    <ClCompile Include="regex_tests.cpp">
      <Filter>Tests</Filter>
    </ClCompile>
    <ClCompile Include="utils_tests.cpp">
      <Filter>Tests</Filter>
    </ClCompile>
    <ClCompile Include="pch.cpp" />
  </ItemGroup>
  <ItemGroup>
    <ClInclude Include="pch.h" />
    <ClInclude Include="database_api_mock.h">
      <Filter>Header Files</Filter>
    </ClInclude>
  </ItemGroup>
  <ItemGroup>
    <None Include="packages.config" />
  </ItemGroup>
</Project>
